
Microsoft Visual Studio Solution File, Format Version 12.00
# Visual Studio Version 17
VisualStudioVersion = 17.14.36616.10 d17.14
MinimumVisualStudioVersion = 10.0.40219.1
Project("{FAE04EC0-301F-11D3-BF4B-00C04F79EFBC}") = "CongCuTraCuuDNS", "CongCuTraCuuDNS\CongCuTraCuuDNS.csproj", "{A40116DE-67C7-4FBF-80FF-9A617325ECB0}"
EndProject
Global
	GlobalSection(SolutionConfigurationPlatforms) = preSolution
		Debug|Any CPU = Debug|Any CPU
		Release|Any CPU = Release|Any CPU
	EndGlobalSection
	GlobalSection(ProjectConfigurationPlatforms) = postSolution
		{A40116DE-67C7-4FBF-80FF-9A617325ECB0}.Debug|Any CPU.ActiveCfg = Debug|Any CPU
		{A40116DE-67C7-4FBF-80FF-9A617325ECB0}.Debug|Any CPU.Build.0 = Debug|Any CPU
		{A40116DE-67C7-4FBF-80FF-9A617325ECB0}.Release|Any CPU.ActiveCfg = Release|Any CPU
		{A40116DE-67C7-4FBF-80FF-9A617325ECB0}.Release|Any CPU.Build.0 = Release|Any CPU
	EndGlobalSection
	GlobalSection(SolutionProperties) = preSolution
		HideSolutionNode = FALSE
	EndGlobalSection
	GlobalSection(ExtensibilityGlobals) = postSolution
		SolutionGuid = {B2EE2371-A8CC-46A3-A26B-FD79BD4A0B2A}
	EndGlobalSection
EndGlobal
